
Microsoft Visual Studio Solution File, Format Version 12.00
Project("{FAE04EC0-301F-11D3-BF4B-00C04F79EFBC}") = "IVF-Managment-Api", "IVF-Managment-Api\IVF-Managment-Api.csproj", "{087117D8-CFBD-413F-AAFC-D0B00F9C2719}"
EndProject
Project("{FAE04EC0-301F-11D3-BF4B-00C04F79EFBC}") = "IVF-Managment-Data", "IVF-Managment-Data\IVF-Managment-Data.csproj", "{0594C248-0943-45A3-84DD-7D6D931B9F3F}"
EndProject
Global
	GlobalSection(SolutionConfigurationPlatforms) = preSolution
		Debug|Any CPU = Debug|Any CPU
		Debug|x64 = Debug|x64
		Debug|x86 = Debug|x86
		Release|Any CPU = Release|Any CPU
		Release|x64 = Release|x64
		Release|x86 = Release|x86
	EndGlobalSection
	GlobalSection(ProjectConfigurationPlatforms) = postSolution
		{087117D8-CFBD-413F-AAFC-D0B00F9C2719}.Debug|Any CPU.ActiveCfg = Debug|Any CPU
		{087117D8-CFBD-413F-AAFC-D0B00F9C2719}.Debug|Any CPU.Build.0 = Debug|Any CPU
		{087117D8-CFBD-413F-AAFC-D0B00F9C2719}.Debug|x64.ActiveCfg = Debug|Any CPU
		{087117D8-CFBD-413F-AAFC-D0B00F9C2719}.Debug|x64.Build.0 = Debug|Any CPU
		{087117D8-CFBD-413F-AAFC-D0B00F9C2719}.Debug|x86.ActiveCfg = Debug|Any CPU
		{087117D8-CFBD-413F-AAFC-D0B00F9C2719}.Debug|x86.Build.0 = Debug|Any CPU
		{087117D8-CFBD-413F-AAFC-D0B00F9C2719}.Release|Any CPU.ActiveCfg = Release|Any CPU
		{087117D8-CFBD-413F-AAFC-D0B00F9C2719}.Release|Any CPU.Build.0 = Release|Any CPU
		{087117D8-CFBD-413F-AAFC-D0B00F9C2719}.Release|x64.ActiveCfg = Release|Any CPU
		{087117D8-CFBD-413F-AAFC-D0B00F9C2719}.Release|x64.Build.0 = Release|Any CPU
		{087117D8-CFBD-413F-AAFC-D0B00F9C2719}.Release|x86.ActiveCfg = Release|Any CPU
		{087117D8-CFBD-413F-AAFC-D0B00F9C2719}.Release|x86.Build.0 = Release|Any CPU
		{0594C248-0943-45A3-84DD-7D6D931B9F3F}.Debug|Any CPU.ActiveCfg = Debug|Any CPU
		{0594C248-0943-45A3-84DD-7D6D931B9F3F}.Debug|Any CPU.Build.0 = Debug|Any CPU
		{0594C248-0943-45A3-84DD-7D6D931B9F3F}.Debug|x64.ActiveCfg = Debug|Any CPU
		{0594C248-0943-45A3-84DD-7D6D931B9F3F}.Debug|x64.Build.0 = Debug|Any CPU
		{0594C248-0943-45A3-84DD-7D6D931B9F3F}.Debug|x86.ActiveCfg = Debug|Any CPU
		{0594C248-0943-45A3-84DD-7D6D931B9F3F}.Debug|x86.Build.0 = Debug|Any CPU
		{0594C248-0943-45A3-84DD-7D6D931B9F3F}.Release|Any CPU.ActiveCfg = Release|Any CPU
		{0594C248-0943-45A3-84DD-7D6D931B9F3F}.Release|Any CPU.Build.0 = Release|Any CPU
		{0594C248-0943-45A3-84DD-7D6D931B9F3F}.Release|x64.ActiveCfg = Release|Any CPU
		{0594C248-0943-45A3-84DD-7D6D931B9F3F}.Release|x64.Build.0 = Release|Any CPU
		{0594C248-0943-45A3-84DD-7D6D931B9F3F}.Release|x86.ActiveCfg = Release|Any CPU
		{0594C248-0943-45A3-84DD-7D6D931B9F3F}.Release|x86.Build.0 = Release|Any CPU
	EndGlobalSection
	GlobalSection(SolutionProperties) = preSolution
		HideSolutionNode = FALSE
	EndGlobalSection
EndGlobal
