
Microsoft Visual Studio Solution File, Format Version 12.00
Project("{FAE04EC0-301F-11D3-BF4B-00C04F79EFBC}") = "IVF-Managment-Api", "IVF-Managment-Api\IVF-Managment-Api.csproj", "{087117D8-CFBD-413F-AAFC-D0B00F9C2719}"
EndProject
Global
	GlobalSection(SolutionConfigurationPlatforms) = preSolution
		Debug|Any CPU = Debug|Any CPU
		Release|Any CPU = Release|Any CPU
	EndGlobalSection
	GlobalSection(ProjectConfigurationPlatforms) = postSolution
		{087117D8-CFBD-413F-AAFC-D0B00F9C2719}.Debug|Any CPU.ActiveCfg = Debug|Any CPU
		{087117D8-CFBD-413F-AAFC-D0B00F9C2719}.Debug|Any CPU.Build.0 = Debug|Any CPU
		{087117D8-CFBD-413F-AAFC-D0B00F9C2719}.Release|Any CPU.ActiveCfg = Release|Any CPU
		{087117D8-CFBD-413F-AAFC-D0B00F9C2719}.Release|Any CPU.Build.0 = Release|Any CPU
	EndGlobalSection
EndGlobal
